<?xml version="1.0" encoding="utf-8"?>
<Project ToolsVersion="4.0" xmlns="http://schemas.microsoft.com/developer/msbuild/2003">
  <ItemGroup>
    <Filter Include="Resource Files">
      <UniqueIdentifier>{67DA6AB6-F800-4c08-8B7A-83BB121AAD01}</UniqueIdentifier>
      <Extensions>rc;ico;cur;bmp;dlg;rc2;rct;bin;rgs;gif;jpg;jpeg;jpe;resx;tiff;tif;png;wav;mfcribbon-ms</Extensions>
    </Filter>
    <Filter Include="Exceptions">
      <UniqueIdentifier>{6fb19414-c317-4e39-addb-2431c1217a89}</UniqueIdentifier>
    </Filter>
    <Filter Include="Animation">
      <UniqueIdentifier>{a6f31c88-c5f5-45b3-b24f-b608901a2369}</UniqueIdentifier>
    </Filter>
    <Filter Include="Engine">
      <UniqueIdentifier>{fd301542-66bc-48c5-9986-6ac950bc364d}</UniqueIdentifier>
    </Filter>
    <Filter Include="States">
      <UniqueIdentifier>{0a2cab20-bb72-48ee-aaa4-081d5607f0e4}</UniqueIdentifier>
    </Filter>
    <Filter Include="World">
      <UniqueIdentifier>{8485b679-61cf-4313-9b40-8a23455b863a}</UniqueIdentifier>
    </Filter>
    <Filter Include="GUI">
      <UniqueIdentifier>{2c7218c1-0f17-4b27-b09a-27371a4be51c}</UniqueIdentifier>
    </Filter>
  </ItemGroup>
  <ItemGroup>
    <ClInclude Include="ParsingException.h">
      <Filter>Exceptions</Filter>
    </ClInclude>
    <ClInclude Include="Animation\AnimatedSprite.h">
      <Filter>Animation</Filter>
    </ClInclude>
    <ClInclude Include="Animation\Animation.h">
      <Filter>Animation</Filter>
    </ClInclude>
    <ClInclude Include="Engine\Engine.h">
      <Filter>Engine</Filter>
    </ClInclude>
    <ClInclude Include="Engine\ParsingException.h">
      <Filter>Engine</Filter>
    </ClInclude>
    <ClInclude Include="Engine\Resources.h">
      <Filter>Engine</Filter>
    </ClInclude>
    <ClInclude Include="States\GameStateManager.h">
      <Filter>States</Filter>
    </ClInclude>
    <ClInclude Include="States\State.h">
      <Filter>States</Filter>
    </ClInclude>
    <ClInclude Include="States\TitlescreenState.h">
      <Filter>States</Filter>
    </ClInclude>
    <ClInclude Include="World\Player.h">
      <Filter>World</Filter>
    </ClInclude>
    <ClInclude Include="World\TileMap.h">
      <Filter>World</Filter>
    </ClInclude>
    <ClInclude Include="World\World.h">
      <Filter>World</Filter>
    </ClInclude>
    <ClInclude Include="GUI\Button.h">
      <Filter>GUI</Filter>
    </ClInclude>
    <ClInclude Include="States\PlayState.h">
      <Filter>States</Filter>
    </ClInclude>
    <ClInclude Include="World\Goal.h">
      <Filter>World</Filter>
    </ClInclude>
    <ClInclude Include="States\GameoverState.h">
      <Filter>States</Filter>
    </ClInclude>
  </ItemGroup>
  <ItemGroup>
    <ClCompile Include="Animation\AnimatedSprite.cpp">
      <Filter>Animation</Filter>
    </ClCompile>
    <ClCompile Include="Animation\Animation.cpp">
      <Filter>Animation</Filter>
    </ClCompile>
    <ClCompile Include="Engine\main.cpp">
      <Filter>Engine</Filter>
    </ClCompile>
    <ClCompile Include="Engine\Engine.cpp">
      <Filter>Engine</Filter>
    </ClCompile>
    <ClCompile Include="States\GameStateManager.cpp">
      <Filter>States</Filter>
    </ClCompile>
    <ClCompile Include="States\State.cpp">
      <Filter>States</Filter>
    </ClCompile>
    <ClCompile Include="States\TitlescreenState.cpp">
      <Filter>States</Filter>
    </ClCompile>
    <ClCompile Include="World\Player.cpp">
      <Filter>World</Filter>
    </ClCompile>
    <ClCompile Include="World\TileMap.cpp">
      <Filter>World</Filter>
    </ClCompile>
    <ClCompile Include="World\World.cpp">
      <Filter>World</Filter>
    </ClCompile>
    <ClCompile Include="GUI\Button.cpp">
      <Filter>GUI</Filter>
    </ClCompile>
    <ClCompile Include="States\PlayState.cpp">
      <Filter>States</Filter>
    </ClCompile>
    <ClCompile Include="World\Goal.cpp">
      <Filter>World</Filter>
    </ClCompile>
    <ClCompile Include="States\GameoverState.cpp">
      <Filter>States</Filter>
    </ClCompile>
  </ItemGroup>
</Project>